
Microsoft Visual Studio Solution File, Format Version 12.00
# Visual Studio 14
VisualStudioVersion = 14.0.23107.0
MinimumVisualStudioVersion = 10.0.40219.1
Project("{FAE04EC0-301F-11D3-BF4B-00C04F79EFBC}") = "EulerMonocle", "EulersMonocle\EulerMonocle.csproj", "{FA406DE3-0A1B-4FBF-BFFC-AD21CFAB5D1D}"
EndProject
Project("{FAE04EC0-301F-11D3-BF4B-00C04F79EFBC}") = "Tests", "Tests\Tests.csproj", "{ABA27C33-D1EB-4AC8-89CE-EC1868F3102A}"
EndProject
Project("{FAE04EC0-301F-11D3-BF4B-00C04F79EFBC}") = "Utility", "Utility\Utility.csproj", "{4253266F-F46C-4BE9-AC9C-6211E6A802A1}"
EndProject
Project("{FAE04EC0-301F-11D3-BF4B-00C04F79EFBC}") = "Cheat", "Cheat\Cheat.csproj", "{26E35921-FF7D-43F2-8A3B-A5C2B2D8919F}"
EndProject
Global
	GlobalSection(SolutionConfigurationPlatforms) = preSolution
		Debug|Any CPU = Debug|Any CPU
		Release|Any CPU = Release|Any CPU
	EndGlobalSection
	GlobalSection(ProjectConfigurationPlatforms) = postSolution
		{FA406DE3-0A1B-4FBF-BFFC-AD21CFAB5D1D}.Debug|Any CPU.ActiveCfg = Debug|Any CPU
		{FA406DE3-0A1B-4FBF-BFFC-AD21CFAB5D1D}.Debug|Any CPU.Build.0 = Debug|Any CPU
		{FA406DE3-0A1B-4FBF-BFFC-AD21CFAB5D1D}.Release|Any CPU.ActiveCfg = Release|Any CPU
		{FA406DE3-0A1B-4FBF-BFFC-AD21CFAB5D1D}.Release|Any CPU.Build.0 = Release|Any CPU
		{ABA27C33-D1EB-4AC8-89CE-EC1868F3102A}.Debug|Any CPU.ActiveCfg = Debug|Any CPU
		{ABA27C33-D1EB-4AC8-89CE-EC1868F3102A}.Debug|Any CPU.Build.0 = Debug|Any CPU
		{ABA27C33-D1EB-4AC8-89CE-EC1868F3102A}.Release|Any CPU.ActiveCfg = Release|Any CPU
		{ABA27C33-D1EB-4AC8-89CE-EC1868F3102A}.Release|Any CPU.Build.0 = Release|Any CPU
		{4253266F-F46C-4BE9-AC9C-6211E6A802A1}.Debug|Any CPU.ActiveCfg = Debug|Any CPU
		{4253266F-F46C-4BE9-AC9C-6211E6A802A1}.Debug|Any CPU.Build.0 = Debug|Any CPU
		{4253266F-F46C-4BE9-AC9C-6211E6A802A1}.Release|Any CPU.ActiveCfg = Release|Any CPU
		{4253266F-F46C-4BE9-AC9C-6211E6A802A1}.Release|Any CPU.Build.0 = Release|Any CPU
		{26E35921-FF7D-43F2-8A3B-A5C2B2D8919F}.Debug|Any CPU.ActiveCfg = Debug|Any CPU
		{26E35921-FF7D-43F2-8A3B-A5C2B2D8919F}.Debug|Any CPU.Build.0 = Debug|Any CPU
		{26E35921-FF7D-43F2-8A3B-A5C2B2D8919F}.Release|Any CPU.ActiveCfg = Release|Any CPU
		{26E35921-FF7D-43F2-8A3B-A5C2B2D8919F}.Release|Any CPU.Build.0 = Release|Any CPU
	EndGlobalSection
	GlobalSection(SolutionProperties) = preSolution
		HideSolutionNode = FALSE
	EndGlobalSection
EndGlobal
